
Microsoft Visual Studio Solution File, Format Version 12.00
# Visual Studio 15
VisualStudioVersion = 15.0.26124.0
MinimumVisualStudioVersion = 15.0.26124.0
Project("{FAE04EC0-301F-11D3-BF4B-00C04F79EFBC}") = "Domain", "Domain\Domain.csproj", "{7DA0EEF4-68C6-4B53-A7D5-6CB99DDEF17A}"
EndProject
Project("{FAE04EC0-301F-11D3-BF4B-00C04F79EFBC}") = "Application", "Application\Application.csproj", "{5B9E6753-D427-43E8-BA92-0AC737DD17BD}"
EndProject
Project("{FAE04EC0-301F-11D3-BF4B-00C04F79EFBC}") = "Persistance", "Persistance\Persistance.csproj", "{4B39B8A1-B136-46FD-BD58-9F2261EF8ECF}"
EndProject
Project("{FAE04EC0-301F-11D3-BF4B-00C04F79EFBC}") = "API", "API\API.csproj", "{49B1242A-9DE0-408A-B22B-A84F9F5B939C}"
EndProject
Global
	GlobalSection(SolutionConfigurationPlatforms) = preSolution
		Debug|Any CPU = Debug|Any CPU
		Debug|x64 = Debug|x64
		Debug|x86 = Debug|x86
		Release|Any CPU = Release|Any CPU
		Release|x64 = Release|x64
		Release|x86 = Release|x86
	EndGlobalSection
	GlobalSection(SolutionProperties) = preSolution
		HideSolutionNode = FALSE
	EndGlobalSection
	GlobalSection(ProjectConfigurationPlatforms) = postSolution
		{7DA0EEF4-68C6-4B53-A7D5-6CB99DDEF17A}.Debug|Any CPU.ActiveCfg = Debug|Any CPU
		{7DA0EEF4-68C6-4B53-A7D5-6CB99DDEF17A}.Debug|Any CPU.Build.0 = Debug|Any CPU
		{7DA0EEF4-68C6-4B53-A7D5-6CB99DDEF17A}.Debug|x64.ActiveCfg = Debug|Any CPU
		{7DA0EEF4-68C6-4B53-A7D5-6CB99DDEF17A}.Debug|x64.Build.0 = Debug|Any CPU
		{7DA0EEF4-68C6-4B53-A7D5-6CB99DDEF17A}.Debug|x86.ActiveCfg = Debug|Any CPU
		{7DA0EEF4-68C6-4B53-A7D5-6CB99DDEF17A}.Debug|x86.Build.0 = Debug|Any CPU
		{7DA0EEF4-68C6-4B53-A7D5-6CB99DDEF17A}.Release|Any CPU.ActiveCfg = Release|Any CPU
		{7DA0EEF4-68C6-4B53-A7D5-6CB99DDEF17A}.Release|Any CPU.Build.0 = Release|Any CPU
		{7DA0EEF4-68C6-4B53-A7D5-6CB99DDEF17A}.Release|x64.ActiveCfg = Release|Any CPU
		{7DA0EEF4-68C6-4B53-A7D5-6CB99DDEF17A}.Release|x64.Build.0 = Release|Any CPU
		{7DA0EEF4-68C6-4B53-A7D5-6CB99DDEF17A}.Release|x86.ActiveCfg = Release|Any CPU
		{7DA0EEF4-68C6-4B53-A7D5-6CB99DDEF17A}.Release|x86.Build.0 = Release|Any CPU
		{5B9E6753-D427-43E8-BA92-0AC737DD17BD}.Debug|Any CPU.ActiveCfg = Debug|Any CPU
		{5B9E6753-D427-43E8-BA92-0AC737DD17BD}.Debug|Any CPU.Build.0 = Debug|Any CPU
		{5B9E6753-D427-43E8-BA92-0AC737DD17BD}.Debug|x64.ActiveCfg = Debug|Any CPU
		{5B9E6753-D427-43E8-BA92-0AC737DD17BD}.Debug|x64.Build.0 = Debug|Any CPU
		{5B9E6753-D427-43E8-BA92-0AC737DD17BD}.Debug|x86.ActiveCfg = Debug|Any CPU
		{5B9E6753-D427-43E8-BA92-0AC737DD17BD}.Debug|x86.Build.0 = Debug|Any CPU
		{5B9E6753-D427-43E8-BA92-0AC737DD17BD}.Release|Any CPU.ActiveCfg = Release|Any CPU
		{5B9E6753-D427-43E8-BA92-0AC737DD17BD}.Release|Any CPU.Build.0 = Release|Any CPU
		{5B9E6753-D427-43E8-BA92-0AC737DD17BD}.Release|x64.ActiveCfg = Release|Any CPU
		{5B9E6753-D427-43E8-BA92-0AC737DD17BD}.Release|x64.Build.0 = Release|Any CPU
		{5B9E6753-D427-43E8-BA92-0AC737DD17BD}.Release|x86.ActiveCfg = Release|Any CPU
		{5B9E6753-D427-43E8-BA92-0AC737DD17BD}.Release|x86.Build.0 = Release|Any CPU
		{4B39B8A1-B136-46FD-BD58-9F2261EF8ECF}.Debug|Any CPU.ActiveCfg = Debug|Any CPU
		{4B39B8A1-B136-46FD-BD58-9F2261EF8ECF}.Debug|Any CPU.Build.0 = Debug|Any CPU
		{4B39B8A1-B136-46FD-BD58-9F2261EF8ECF}.Debug|x64.ActiveCfg = Debug|Any CPU
		{4B39B8A1-B136-46FD-BD58-9F2261EF8ECF}.Debug|x64.Build.0 = Debug|Any CPU
		{4B39B8A1-B136-46FD-BD58-9F2261EF8ECF}.Debug|x86.ActiveCfg = Debug|Any CPU
		{4B39B8A1-B136-46FD-BD58-9F2261EF8ECF}.Debug|x86.Build.0 = Debug|Any CPU
		{4B39B8A1-B136-46FD-BD58-9F2261EF8ECF}.Release|Any CPU.ActiveCfg = Release|Any CPU
		{4B39B8A1-B136-46FD-BD58-9F2261EF8ECF}.Release|Any CPU.Build.0 = Release|Any CPU
		{4B39B8A1-B136-46FD-BD58-9F2261EF8ECF}.Release|x64.ActiveCfg = Release|Any CPU
		{4B39B8A1-B136-46FD-BD58-9F2261EF8ECF}.Release|x64.Build.0 = Release|Any CPU
		{4B39B8A1-B136-46FD-BD58-9F2261EF8ECF}.Release|x86.ActiveCfg = Release|Any CPU
		{4B39B8A1-B136-46FD-BD58-9F2261EF8ECF}.Release|x86.Build.0 = Release|Any CPU
		{49B1242A-9DE0-408A-B22B-A84F9F5B939C}.Debug|Any CPU.ActiveCfg = Debug|Any CPU
		{49B1242A-9DE0-408A-B22B-A84F9F5B939C}.Debug|Any CPU.Build.0 = Debug|Any CPU
		{49B1242A-9DE0-408A-B22B-A84F9F5B939C}.Debug|x64.ActiveCfg = Debug|Any CPU
		{49B1242A-9DE0-408A-B22B-A84F9F5B939C}.Debug|x64.Build.0 = Debug|Any CPU
		{49B1242A-9DE0-408A-B22B-A84F9F5B939C}.Debug|x86.ActiveCfg = Debug|Any CPU
		{49B1242A-9DE0-408A-B22B-A84F9F5B939C}.Debug|x86.Build.0 = Debug|Any CPU
		{49B1242A-9DE0-408A-B22B-A84F9F5B939C}.Release|Any CPU.ActiveCfg = Release|Any CPU
		{49B1242A-9DE0-408A-B22B-A84F9F5B939C}.Release|Any CPU.Build.0 = Release|Any CPU
		{49B1242A-9DE0-408A-B22B-A84F9F5B939C}.Release|x64.ActiveCfg = Release|Any CPU
		{49B1242A-9DE0-408A-B22B-A84F9F5B939C}.Release|x64.Build.0 = Release|Any CPU
		{49B1242A-9DE0-408A-B22B-A84F9F5B939C}.Release|x86.ActiveCfg = Release|Any CPU
		{49B1242A-9DE0-408A-B22B-A84F9F5B939C}.Release|x86.Build.0 = Release|Any CPU
	EndGlobalSection
EndGlobal
